
Microsoft Visual Studio Solution File, Format Version 12.00
# Visual Studio Version 16
VisualStudioVersion = 16.0.30128.74
MinimumVisualStudioVersion = 10.0.40219.1
Project("{FAE04EC0-301F-11D3-BF4B-00C04F79EFBC}") = "Calculator", "Calculator\Calculator.csproj", "{EBCBE613-DDD0-4BE5-B193-3DE2645D898B}"
EndProject
Project("{FAE04EC0-301F-11D3-BF4B-00C04F79EFBC}") = "CalculatorManager", "CalculatorManager\CalculatorManager.csproj", "{37CF33E6-3876-4E43-AEE2-619535EDDB5F}"
EndProject
Global
	GlobalSection(SolutionConfigurationPlatforms) = preSolution
		Debug|Any CPU = Debug|Any CPU
		Release|Any CPU = Release|Any CPU
	EndGlobalSection
	GlobalSection(ProjectConfigurationPlatforms) = postSolution
		{EBCBE613-DDD0-4BE5-B193-3DE2645D898B}.Debug|Any CPU.ActiveCfg = Debug|Any CPU
		{EBCBE613-DDD0-4BE5-B193-3DE2645D898B}.Debug|Any CPU.Build.0 = Debug|Any CPU
		{EBCBE613-DDD0-4BE5-B193-3DE2645D898B}.Release|Any CPU.ActiveCfg = Release|Any CPU
		{EBCBE613-DDD0-4BE5-B193-3DE2645D898B}.Release|Any CPU.Build.0 = Release|Any CPU
		{37CF33E6-3876-4E43-AEE2-619535EDDB5F}.Debug|Any CPU.ActiveCfg = Debug|Any CPU
		{37CF33E6-3876-4E43-AEE2-619535EDDB5F}.Debug|Any CPU.Build.0 = Debug|Any CPU
		{37CF33E6-3876-4E43-AEE2-619535EDDB5F}.Release|Any CPU.ActiveCfg = Release|Any CPU
		{37CF33E6-3876-4E43-AEE2-619535EDDB5F}.Release|Any CPU.Build.0 = Release|Any CPU
	EndGlobalSection
	GlobalSection(SolutionProperties) = preSolution
		HideSolutionNode = FALSE
	EndGlobalSection
	GlobalSection(ExtensibilityGlobals) = postSolution
		SolutionGuid = {F6C8FB62-794D-4EE3-B8F1-59AE147DB991}
	EndGlobalSection
EndGlobal
